// !$*UTF8*$!
{
	archiveVersion = 1;
	classes = {
	};
	objectVersion = 46;
	objects = {

/* Begin PBXBuildFile section */
		5700726B1CBA512800B56D72 /* main.m in Sources */ = {isa = PBXBuildFile; fileRef = 5700726A1CBA512800B56D72 /* main.m */; };
		5700726E1CBA512800B56D72 /* AppDelegate.m in Sources */ = {isa = PBXBuildFile; fileRef = 5700726D1CBA512800B56D72 /* AppDelegate.m */; };
		570072711CBA512800B56D72 /* ViewController.m in Sources */ = {isa = PBXBuildFile; fileRef = 570072701CBA512800B56D72 /* ViewController.m */; };
		570072741CBA512800B56D72 /* Main.storyboard in Resources */ = {isa = PBXBuildFile; fileRef = 570072721CBA512800B56D72 /* Main.storyboard */; };
		570072761CBA512800B56D72 /* Assets.xcassets in Resources */ = {isa = PBXBuildFile; fileRef = 570072751CBA512800B56D72 /* Assets.xcassets */; };
		570072791CBA512800B56D72 /* LaunchScreen.storyboard in Resources */ = {isa = PBXBuildFile; fileRef = 570072771CBA512800B56D72 /* LaunchScreen.storyboard */; };
		570072841CBA512800B56D72 /* TBStatusBarHUDExampleTests.m in Sources */ = {isa = PBXBuildFile; fileRef = 570072831CBA512800B56D72 /* TBStatusBarHUDExampleTests.m */; };
		5700728F1CBA512800B56D72 /* TBStatusBarHUDExampleUITests.m in Sources */ = {isa = PBXBuildFile; fileRef = 5700728E1CBA512800B56D72 /* TBStatusBarHUDExampleUITests.m */; };
		570072A01CBA51D000B56D72 /* TBStatusBarHUD.bundle in Resources */ = {isa = PBXBuildFile; fileRef = 5700729D1CBA51D000B56D72 /* TBStatusBarHUD.bundle */; };
		570072A11CBA51D000B56D72 /* TBStatusBarHUD.m in Sources */ = {isa = PBXBuildFile; fileRef = 5700729F1CBA51D000B56D72 /* TBStatusBarHUD.m */; };
/* End PBXBuildFile section */

/* Begin PBXContainerItemProxy section */
		570072801CBA512800B56D72 /* PBXContainerItemProxy */ = {
			isa = PBXContainerItemProxy;
			containerPortal = 5700725E1CBA512800B56D72 /* Project object */;
			proxyType = 1;
			remoteGlobalIDString = 570072651CBA512800B56D72;
			remoteInfo = TBStatusBarHUDExample;
		};
		5700728B1CBA512800B56D72 /* PBXContainerItemProxy */ = {
			isa = PBXContainerItemProxy;
			containerPortal = 5700725E1CBA512800B56D72 /* Project object */;
			proxyType = 1;
			remoteGlobalIDString = 570072651CBA512800B56D72;
			remoteInfo = TBStatusBarHUDExample;
		};
/* End PBXContainerItemProxy section */

/* Begin PBXFileReference section */
		570072661CBA512800B56D72 /* TBStatusBarHUDExample.app */ = {isa = PBXFileReference; explicitFileType = wrapper.application; includeInIndex = 0; path = TBStatusBarHUDExample.app; sourceTree = BUILT_PRODUCTS_DIR; };
		5700726A1CBA512800B56D72 /* main.m */ = {isa = PBXFileReference; lastKnownFileType = sourcecode.c.objc; path = main.m; sourceTree = "<group>"; };
		5700726C1CBA512800B56D72 /* AppDelegate.h */ = {isa = PBXFileReference; lastKnownFileType = sourcecode.c.h; path = AppDelegate.h; sourceTree = "<group>"; };
		5700726D1CBA512800B56D72 /* AppDelegate.m */ = {isa = PBXFileReference; lastKnownFileType = sourcecode.c.objc; path = AppDelegate.m; sourceTree = "<group>"; };
		5700726F1CBA512800B56D72 /* ViewController.h */ = {isa = PBXFileReference; lastKnownFileType = sourcecode.c.h; path = ViewController.h; sourceTree = "<group>"; };
		570072701CBA512800B56D72 /* ViewController.m */ = {isa = PBXFileReference; lastKnownFileType = sourcecode.c.objc; path = ViewController.m; sourceTree = "<group>"; };
		570072731CBA512800B56D72 /* Base */ = {isa = PBXFileReference; lastKnownFileType = file.storyboard; name = Base; path = Base.lproj/Main.storyboard; sourceTree = "<group>"; };
		570072751CBA512800B56D72 /* Assets.xcassets */ = {isa = PBXFileReference; lastKnownFileType = folder.assetcatalog; path = Assets.xcassets; sourceTree = "<group>"; };
		570072781CBA512800B56D72 /* Base */ = {isa = PBXFileReference; lastKnownFileType = file.storyboard; name = Base; path = Base.lproj/LaunchScreen.storyboard; sourceTree = "<group>"; };
		5700727A1CBA512800B56D72 /* Info.plist */ = {isa = PBXFileReference; lastKnownFileType = text.plist.xml; path = Info.plist; sourceTree = "<group>"; };
		5700727F1CBA512800B56D72 /* TBStatusBarHUDExampleTests.xctest */ = {isa = PBXFileReference; explicitFileType = wrapper.cfbundle; includeInIndex = 0; path = TBStatusBarHUDExampleTests.xctest; sourceTree = BUILT_PRODUCTS_DIR; };
		570072831CBA512800B56D72 /* TBStatusBarHUDExampleTests.m */ = {isa = PBXFileReference; lastKnownFileType = sourcecode.c.objc; path = TBStatusBarHUDExampleTests.m; sourceTree = "<group>"; };
		570072851CBA512800B56D72 /* Info.plist */ = {isa = PBXFileReference; lastKnownFileType = text.plist.xml; path = Info.plist; sourceTree = "<group>"; };
		5700728A1CBA512800B56D72 /* TBStatusBarHUDExampleUITests.xctest */ = {isa = PBXFileReference; explicitFileType = wrapper.cfbundle; includeInIndex = 0; path = TBStatusBarHUDExampleUITests.xctest; sourceTree = BUILT_PRODUCTS_DIR; };
		5700728E1CBA512800B56D72 /* TBStatusBarHUDExampleUITests.m */ = {isa = PBXFileReference; lastKnownFileType = sourcecode.c.objc; path = TBStatusBarHUDExampleUITests.m; sourceTree = "<group>"; };
		570072901CBA512800B56D72 /* Info.plist */ = {isa = PBXFileReference; lastKnownFileType = text.plist.xml; path = Info.plist; sourceTree = "<group>"; };
		5700729D1CBA51D000B56D72 /* TBStatusBarHUD.bundle */ = {isa = PBXFileReference; lastKnownFileType = "wrapper.plug-in"; path = TBStatusBarHUD.bundle; sourceTree = "<group>"; };
		5700729E1CBA51D000B56D72 /* TBStatusBarHUD.h */ = {isa = PBXFileReference; fileEncoding = 4; lastKnownFileType = sourcecode.c.h; path = TBStatusBarHUD.h; sourceTree = "<group>"; };
		5700729F1CBA51D000B56D72 /* TBStatusBarHUD.m */ = {isa = PBXFileReference; fileEncoding = 4; lastKnownFileType = sourcecode.c.objc; path = TBStatusBarHUD.m; sourceTree = "<group>"; };
/* End PBXFileReference section */

/* Begin PBXFrameworksBuildPhase section */
		570072631CBA512800B56D72 /* Frameworks */ = {
			isa = PBXFrameworksBuildPhase;
			buildActionMask = 2147483647;
			files = (
			);
			runOnlyForDeploymentPostprocessing = 0;
		};
		5700727C1CBA512800B56D72 /* Frameworks */ = {
			isa = PBXFrameworksBuildPhase;
			buildActionMask = 2147483647;
			files = (
			);
			runOnlyForDeploymentPostprocessing = 0;
		};
		570072871CBA512800B56D72 /* Frameworks */ = {
			isa = PBXFrameworksBuildPhase;
			buildActionMask = 2147483647;
			files = (
			);
			runOnlyForDeploymentPostprocessing = 0;
		};
/* End PBXFrameworksBuildPhase section */

/* Begin PBXGroup section */
		5700725D1CBA512800B56D72 = {
			isa = PBXGroup;
			children = (
				570072681CBA512800B56D72 /* TBStatusBarHUDExample */,
				570072821CBA512800B56D72 /* TBStatusBarHUDExampleTests */,
				5700728D1CBA512800B56D72 /* TBStatusBarHUDExampleUITests */,
				570072671CBA512800B56D72 /* Products */,
			);
			sourceTree = "<group>";
		};
		570072671CBA512800B56D72 /* Products */ = {
			isa = PBXGroup;
			children = (
				570072661CBA512800B56D72 /* TBStatusBarHUDExample.app */,
				5700727F1CBA512800B56D72 /* TBStatusBarHUDExampleTests.xctest */,
				5700728A1CBA512800B56D72 /* TBStatusBarHUDExampleUITests.xctest */,
			);
			name = Products;
			sourceTree = "<group>";
		};
		570072681CBA512800B56D72 /* TBStatusBarHUDExample */ = {
			isa = PBXGroup;
			children = (
				5700729C1CBA51D000B56D72 /* TBStatusBarHUD */,
				5700726C1CBA512800B56D72 /* AppDelegate.h */,
				5700726D1CBA512800B56D72 /* AppDelegate.m */,
				5700726F1CBA512800B56D72 /* ViewController.h */,
				570072701CBA512800B56D72 /* ViewController.m */,
				570072721CBA512800B56D72 /* Main.storyboard */,
				570072751CBA512800B56D72 /* Assets.xcassets */,
				570072771CBA512800B56D72 /* LaunchScreen.storyboard */,
				5700727A1CBA512800B56D72 /* Info.plist */,
				570072691CBA512800B56D72 /* Supporting Files */,
			);
			path = TBStatusBarHUDExample;
			sourceTree = "<group>";
		};
		570072691CBA512800B56D72 /* Supporting Files */ = {
			isa = PBXGroup;
			children = (
				5700726A1CBA512800B56D72 /* main.m */,
			);
			name = "Supporting Files";
			sourceTree = "<group>";
		};
		570072821CBA512800B56D72 /* TBStatusBarHUDExampleTests */ = {
			isa = PBXGroup;
			children = (
				570072831CBA512800B56D72 /* TBStatusBarHUDExampleTests.m */,
				570072851CBA512800B56D72 /* Info.plist */,
			);
			path = TBStatusBarHUDExampleTests;
			sourceTree = "<group>";
		};
		5700728D1CBA512800B56D72 /* TBStatusBarHUDExampleUITests */ = {
			isa = PBXGroup;
			children = (
				5700728E1CBA512800B56D72 /* TBStatusBarHUDExampleUITests.m */,
				570072901CBA512800B56D72 /* Info.plist */,
			);
			path = TBStatusBarHUDExampleUITests;
			sourceTree = "<group>";
		};
		5700729C1CBA51D000B56D72 /* TBStatusBarHUD */ = {
			isa = PBXGroup;
			children = (
				5700729D1CBA51D000B56D72 /* TBStatusBarHUD.bundle */,
				5700729E1CBA51D000B56D72 /* TBStatusBarHUD.h */,
				5700729F1CBA51D000B56D72 /* TBStatusBarHUD.m */,
			);
			name = TBStatusBarHUD;
			path = ../../TBStatusBarHUD;
			sourceTree = "<group>";
		};
/* End PBXGroup section */

/* Begin PBXNativeTarget section */
		570072651CBA512800B56D72 /* TBStatusBarHUDExample */ = {
			isa = PBXNativeTarget;
			buildConfigurationList = 570072931CBA512900B56D72 /* Build configuration list for PBXNativeTarget "TBStatusBarHUDExample" */;
			buildPhases = (
				570072621CBA512800B56D72 /* Sources */,
				570072631CBA512800B56D72 /* Frameworks */,
				570072641CBA512800B56D72 /* Resources */,
			);
			buildRules = (
			);
			dependencies = (
			);
			name = TBStatusBarHUDExample;
			productName = TBStatusBarHUDExample;
			productReference = 570072661CBA512800B56D72 /* TBStatusBarHUDExample.app */;
			productType = "com.apple.product-type.application";
		};
		5700727E1CBA512800B56D72 /* TBStatusBarHUDExampleTests */ = {
			isa = PBXNativeTarget;
			buildConfigurationList = 570072961CBA512900B56D72 /* Build configuration list for PBXNativeTarget "TBStatusBarHUDExampleTests" */;
			buildPhases = (
				5700727B1CBA512800B56D72 /* Sources */,
				5700727C1CBA512800B56D72 /* Frameworks */,
				5700727D1CBA512800B56D72 /* Resources */,
			);
			buildRules = (
			);
			dependencies = (
				570072811CBA512800B56D72 /* PBXTargetDependency */,
			);
			name = TBStatusBarHUDExampleTests;
			productName = TBStatusBarHUDExampleTests;
			productReference = 5700727F1CBA512800B56D72 /* TBStatusBarHUDExampleTests.xctest */;
			productType = "com.apple.product-type.bundle.unit-test";
		};
		570072891CBA512800B56D72 /* TBStatusBarHUDExampleUITests */ = {
			isa = PBXNativeTarget;
			buildConfigurationList = 570072991CBA512900B56D72 /* Build configuration list for PBXNativeTarget "TBStatusBarHUDExampleUITests" */;
			buildPhases = (
				570072861CBA512800B56D72 /* Sources */,
				570072871CBA512800B56D72 /* Frameworks */,
				570072881CBA512800B56D72 /* Resources */,
			);
			buildRules = (
			);
			dependencies = (
				5700728C1CBA512800B56D72 /* PBXTargetDependency */,
			);
			name = TBStatusBarHUDExampleUITests;
			productName = TBStatusBarHUDExampleUITests;
			productReference = 5700728A1CBA512800B56D72 /* TBStatusBarHUDExampleUITests.xctest */;
			productType = "com.apple.product-type.bundle.ui-testing";
		};
/* End PBXNativeTarget section */

/* Begin PBXProject section */
		5700725E1CBA512800B56D72 /* Project object */ = {
			isa = PBXProject;
			attributes = {
				LastUpgradeCheck = 0720;
				ORGANIZATIONNAME = tangbing;
				TargetAttributes = {
					570072651CBA512800B56D72 = {
						CreatedOnToolsVersion = 7.2;
					};
					5700727E1CBA512800B56D72 = {
						CreatedOnToolsVersion = 7.2;
						TestTargetID = 570072651CBA512800B56D72;
					};
					570072891CBA512800B56D72 = {
						CreatedOnToolsVersion = 7.2;
						TestTargetID = 570072651CBA512800B56D72;
					};
				};
			};
			buildConfigurationList = 570072611CBA512800B56D72 /* Build configuration list for PBXProject "TBStatusBarHUDExample" */;
			compatibilityVersion = "Xcode 3.2";
			developmentRegion = English;
			hasScannedForEncodings = 0;
			knownRegions = (
				en,
				Base,
			);
			mainGroup = 5700725D1CBA512800B56D72;
			productRefGroup = 570072671CBA512800B56D72 /* Products */;
			projectDirPath = "";
			projectRoot = "";
			targets = (
				570072651CBA512800B56D72 /* TBStatusBarHUDExample */,
				5700727E1CBA512800B56D72 /* TBStatusBarHUDExampleTests */,
				570072891CBA512800B56D72 /* TBStatusBarHUDExampleUITests */,
			);
		};
/* End PBXProject section */

/* Begin PBXResourcesBuildPhase section */
		570072641CBA512800B56D72 /* Resources */ = {
			isa = PBXResourcesBuildPhase;
			buildActionMask = 2147483647;
			files = (
				570072791CBA512800B56D72 /* LaunchScreen.storyboard in Resources */,
				570072A01CBA51D000B56D72 /* TBStatusBarHUD.bundle in Resources */,
				570072761CBA512800B56D72 /* Assets.xcassets in Resources */,
				570072741CBA512800B56D72 /* Main.storyboard in Resources */,
			);
			runOnlyForDeploymentPostprocessing = 0;
		};
		5700727D1CBA512800B56D72 /* Resources */ = {
			isa = PBXResourcesBuildPhase;
			buildActionMask = 2147483647;
			files = (
			);
			runOnlyForDeploymentPostprocessing = 0;
		};
		570072881CBA512800B56D72 /* Resources */ = {
			isa = PBXResourcesBuildPhase;
			buildActionMask = 2147483647;
			files = (
			);
			runOnlyForDeploymentPostprocessing = 0;
		};
/* End PBXResourcesBuildPhase section */

/* Begin PBXSourcesBuildPhase section */
		570072621CBA512800B56D72 /* Sources */ = {
			isa = PBXSourcesBuildPhase;
			buildActionMask = 2147483647;
			files = (
				570072711CBA512800B56D72 /* ViewController.m in Sources */,
				5700726E1CBA512800B56D72 /* AppDelegate.m in Sources */,
				5700726B1CBA512800B56D72 /* main.m in Sources */,
				570072A11CBA51D000B56D72 /* TBStatusBarHUD.m in Sources */,
			);
			runOnlyForDeploymentPostprocessing = 0;
		};
		5700727B1CBA512800B56D72 /* Sources */ = {
			isa = PBXSourcesBuildPhase;
			buildActionMask = 2147483647;
			files = (
				570072841CBA512800B56D72 /* TBStatusBarHUDExampleTests.m in Sources */,
			);
			runOnlyForDeploymentPostprocessing = 0;
		};
		570072861CBA512800B56D72 /* Sources */ = {
			isa = PBXSourcesBuildPhase;
			buildActionMask = 2147483647;
			files = (
				5700728F1CBA512800B56D72 /* TBStatusBarHUDExampleUITests.m in Sources */,
			);
			runOnlyForDeploymentPostprocessing = 0;
		};
/* End PBXSourcesBuildPhase section */

/* Begin PBXTargetDependency section */
		570072811CBA512800B56D72 /* PBXTargetDependency */ = {
			isa = PBXTargetDependency;
			target = 570072651CBA512800B56D72 /* TBStatusBarHUDExample */;
			targetProxy = 570072801CBA512800B56D72 /* PBXContainerItemProxy */;
		};
		5700728C1CBA512800B56D72 /* PBXTargetDependency */ = {
			isa = PBXTargetDependency;
			target = 570072651CBA512800B56D72 /* TBStatusBarHUDExample */;
			targetProxy = 5700728B1CBA512800B56D72 /* PBXContainerItemProxy */;
		};
/* End PBXTargetDependency section */

/* Begin PBXVariantGroup section */
		570072721CBA512800B56D72 /* Main.storyboard */ = {
			isa = PBXVariantGroup;
			children = (
				570072731CBA512800B56D72 /* Base */,
			);
			name = Main.storyboard;
			sourceTree = "<group>";
		};
		570072771CBA512800B56D72 /* LaunchScreen.storyboard */ = {
			isa = PBXVariantGroup;
			children = (
				570072781CBA512800B56D72 /* Base */,
			);
			name = LaunchScreen.storyboard;
			sourceTree = "<group>";
		};
/* End PBXVariantGroup section */

/* Begin XCBuildConfiguration section */
		570072911CBA512900B56D72 /* Debug */ = {
			isa = XCBuildConfiguration;
			buildSettings = {
				ALWAYS_SEARCH_USER_PATHS = NO;
				CLANG_CXX_LANGUAGE_STANDARD = "gnu++0x";
				CLANG_CXX_LIBRARY = "libc++";
				CLANG_ENABLE_MODULES = YES;
				CLANG_ENABLE_OBJC_ARC = YES;
				CLANG_WARN_BOOL_CONVERSION = YES;
				CLANG_WARN_CONSTANT_CONVERSION = YES;
				CLANG_WARN_DIRECT_OBJC_ISA_USAGE = YES_ERROR;
				CLANG_WARN_EMPTY_BODY = YES;
				CLANG_WARN_ENUM_CONVERSION = YES;
				CLANG_WARN_INT_CONVERSION = YES;
				CLANG_WARN_OBJC_ROOT_CLASS = YES_ERROR;
				CLANG_WARN_UNREACHABLE_CODE = YES;
				CLANG_WARN__DUPLICATE_METHOD_MATCH = YES;
				"CODE_SIGN_IDENTITY[sdk=iphoneos*]" = "iPhone Developer";
				COPY_PHASE_STRIP = NO;
				DEBUG_INFORMATION_FORMAT = dwarf;
				ENABLE_STRICT_OBJC_MSGSEND = YES;
				ENABLE_TESTABILITY = YES;
				GCC_C_LANGUAGE_STANDARD = gnu99;
				GCC_DYNAMIC_NO_PIC = NO;
				GCC_NO_COMMON_BLOCKS = YES;
				GCC_OPTIMIZATION_LEVEL = 0;
				GCC_PREPROCESSOR_DEFINITIONS = (
					"DEBUG=1",
					"$(inherited)",
				);
				GCC_WARN_64_TO_32_BIT_CONVERSION = YES;
				GCC_WARN_ABOUT_RETURN_TYPE = YES_ERROR;
				GCC_WARN_UNDECLARED_SELECTOR = YES;
				GCC_WARN_UNINITIALIZED_AUTOS = YES_AGGRESSIVE;
				GCC_WARN_UNUSED_FUNCTION = YES;
				GCC_WARN_UNUSED_VARIABLE = YES;
				IPHONEOS_DEPLOYMENT_TARGET = 9.2;
				MTL_ENABLE_DEBUG_INFO = YES;
				ONLY_ACTIVE_ARCH = YES;
				SDKROOT = iphoneos;
				TARGETED_DEVICE_FAMILY = "1,2";
			};
			name = Debug;
		};
		570072921CBA512900B56D72 /* Release */ = {
			isa = XCBuildConfiguration;
			buildSettings = {
				ALWAYS_SEARCH_USER_PATHS = NO;
				CLANG_CXX_LANGUAGE_STANDARD = "gnu++0x";
				CLANG_CXX_LIBRARY = "libc++";
				CLANG_ENABLE_MODULES = YES;
				CLANG_ENABLE_OBJC_ARC = YES;
				CLANG_WARN_BOOL_CONVERSION = YES;
				CLANG_WARN_CONSTANT_CONVERSION = YES;
				CLANG_WARN_DIRECT_OBJC_ISA_USAGE = YES_ERROR;
				CLANG_WARN_EMPTY_BODY = YES;
				CLANG_WARN_ENUM_CONVERSION = YES;
				CLANG_WARN_INT_CONVERSION = YES;
				CLANG_WARN_OBJC_ROOT_CLASS = YES_ERROR;
				CLANG_WARN_UNREACHABLE_CODE = YES;
				CLANG_WARN__DUPLICATE_METHOD_MATCH = YES;
				"CODE_SIGN_IDENTITY[sdk=iphoneos*]" = "iPhone Developer";
				COPY_PHASE_STRIP = NO;
				DEBUG_INFORMATION_FORMAT = "dwarf-with-dsym";
				ENABLE_NS_ASSERTIONS = NO;
				ENABLE_STRICT_OBJC_MSGSEND = YES;
				GCC_C_LANGUAGE_STANDARD = gnu99;
				GCC_NO_COMMON_BLOCKS = YES;
				GCC_WARN_64_TO_32_BIT_CONVERSION = YES;
				GCC_WARN_ABOUT_RETURN_TYPE = YES_ERROR;
				GCC_WARN_UNDECLARED_SELECTOR = YES;
				GCC_WARN_UNINITIALIZED_AUTOS = YES_AGGRESSIVE;
				GCC_WARN_UNUSED_FUNCTION = YES;
				GCC_WARN_UNUSED_VARIABLE = YES;
				IPHONEOS_DEPLOYMENT_TARGET = 9.2;
				MTL_ENABLE_DEBUG_INFO = NO;
				SDKROOT = iphoneos;
				TARGETED_DEVICE_FAMILY = "1,2";
				VALIDATE_PRODUCT = YES;
			};
			name = Release;
		};
		570072941CBA512900B56D72 /* Debug */ = {
			isa = XCBuildConfiguration;
			buildSettings = {
				ASSETCATALOG_COMPILER_APPICON_NAME = AppIcon;
				INFOPLIST_FILE = TBStatusBarHUDExample/Info.plist;
				LD_RUNPATH_SEARCH_PATHS = "$(inherited) @executable_path/Frameworks";
				PRODUCT_BUNDLE_IDENTIFIER = com.aetos.trade.TBStatusBarHUDExample;
				PRODUCT_NAME = "$(TARGET_NAME)";
			};
			name = Debug;
		};
		570072951CBA512900B56D72 /* Release */ = {
			isa = XCBuildConfiguration;
			buildSettings = {
				ASSETCATALOG_COMPILER_APPICON_NAME = AppIcon;
				INFOPLIST_FILE = TBStatusBarHUDExample/Info.plist;
				LD_RUNPATH_SEARCH_PATHS = "$(inherited) @executable_path/Frameworks";
				PRODUCT_BUNDLE_IDENTIFIER = com.aetos.trade.TBStatusBarHUDExample;
				PRODUCT_NAME = "$(TARGET_NAME)";
			};
			name = Release;
		};
		570072971CBA512900B56D72 /* Debug */ = {
			isa = XCBuildConfiguration;
			buildSettings = {
				BUNDLE_LOADER = "$(TEST_HOST)";
				INFOPLIST_FILE = TBStatusBarHUDExampleTests/Info.plist;
				LD_RUNPATH_SEARCH_PATHS = "$(inherited) @executable_path/Frameworks @loader_path/Frameworks";
				PRODUCT_BUNDLE_IDENTIFIER = com.aetos.trade.TBStatusBarHUDExampleTests;
				PRODUCT_NAME = "$(TARGET_NAME)";
				TEST_HOST = "$(BUILT_PRODUCTS_DIR)/TBStatusBarHUDExample.app/TBStatusBarHUDExample";
			};
			name = Debug;
		};
		570072981CBA512900B56D72 /* Release */ = {
			isa = XCBuildConfiguration;
			buildSettings = {
				BUNDLE_LOADER = "$(TEST_HOST)";
				INFOPLIST_FILE = TBStatusBarHUDExampleTests/Info.plist;
				LD_RUNPATH_SEARCH_PATHS = "$(inherited) @executable_path/Frameworks @loader_path/Frameworks";
				PRODUCT_BUNDLE_IDENTIFIER = com.aetos.trade.TBStatusBarHUDExampleTests;
				PRODUCT_NAME = "$(TARGET_NAME)";
				TEST_HOST = "$(BUILT_PRODUCTS_DIR)/TBStatusBarHUDExample.app/TBStatusBarHUDExample";
			};
			name = Release;
		};
		5700729A1CBA512900B56D72 /* Debug */ = {
			isa = XCBuildConfiguration;
			buildSettings = {
				INFOPLIST_FILE = TBStatusBarHUDExampleUITests/Info.plist;
				LD_RUNPATH_SEARCH_PATHS = "$(inherited) @executable_path/Frameworks @loader_path/Frameworks";
				PRODUCT_BUNDLE_IDENTIFIER = com.aetos.trade.TBStatusBarHUDExampleUITests;
				PRODUCT_NAME = "$(TARGET_NAME)";
				TEST_TARGET_NAME = TBStatusBarHUDExample;
				USES_XCTRUNNER = YES;
			};
			name = Debug;
		};
		5700729B1CBA512900B56D72 /* Release */ = {
			isa = XCBuildConfiguration;
			buildSettings = {
				INFOPLIST_FILE = TBStatusBarHUDExampleUITests/Info.plist;
				LD_RUNPATH_SEARCH_PATHS = "$(inherited) @executable_path/Frameworks @loader_path/Frameworks";
				PRODUCT_BUNDLE_IDENTIFIER = com.aetos.trade.TBStatusBarHUDExampleUITests;
				PRODUCT_NAME = "$(TARGET_NAME)";
				TEST_TARGET_NAME = TBStatusBarHUDExample;
				USES_XCTRUNNER = YES;
			};
			name = Release;
		};
/* End XCBuildConfiguration section */

/* Begin XCConfigurationList section */
		570072611CBA512800B56D72 /* Build configuration list for PBXProject "TBStatusBarHUDExample" */ = {
			isa = XCConfigurationList;
			buildConfigurations = (
				570072911CBA512900B56D72 /* Debug */,
				570072921CBA512900B56D72 /* Release */,
			);
			defaultConfigurationIsVisible = 0;
			defaultConfigurationName = Release;
		};
		570072931CBA512900B56D72 /* Build configuration list for PBXNativeTarget "TBStatusBarHUDExample" */ = {
			isa = XCConfigurationList;
			buildConfigurations = (
				570072941CBA512900B56D72 /* Debug */,
				570072951CBA512900B56D72 /* Release */,
			);
			defaultConfigurationIsVisible = 0;
			defaultConfigurationName = Release;
		};
		570072961CBA512900B56D72 /* Build configuration list for PBXNativeTarget "TBStatusBarHUDExampleTests" */ = {
			isa = XCConfigurationList;
			buildConfigurations = (
				570072971CBA512900B56D72 /* Debug */,
				570072981CBA512900B56D72 /* Release */,
			);
			defaultConfigurationIsVisible = 0;
			defaultConfigurationName = Release;
		};
		570072991CBA512900B56D72 /* Build configuration list for PBXNativeTarget "TBStatusBarHUDExampleUITests" */ = {
			isa = XCConfigurationList;
			buildConfigurations = (
				5700729A1CBA512900B56D72 /* Debug */,
				5700729B1CBA512900B56D72 /* Release */,
			);
			defaultConfigurationIsVisible = 0;
			defaultConfigurationName = Release;
		};
/* End XCConfigurationList section */
	};
	rootObject = 5700725E1CBA512800B56D72 /* Project object */;
}
